
Microsoft Visual Studio Solution File, Format Version 12.00
# Visual Studio Version 17
VisualStudioVersion = 17.5.002.0
MinimumVisualStudioVersion = 10.0.40219.1
Project("{9A19103F-16F7-4668-BE54-9A1E7A4F7556}") = "Factorial-Of-Number", "Factorial-Of-Number\Factorial-Of-Number.csproj", "{58A71441-5827-4C15-8F69-DA25EA63E82C}"
EndProject
Project("{9A19103F-16F7-4668-BE54-9A1E7A4F7556}") = "Sum", "Sum\Sum.csproj", "{C1288696-2A3C-4FA2-936C-72DDEBF0306D}"
EndProject
Global
	GlobalSection(SolutionConfigurationPlatforms) = preSolution
		Debug|Any CPU = Debug|Any CPU
		Release|Any CPU = Release|Any CPU
	EndGlobalSection
	GlobalSection(ProjectConfigurationPlatforms) = postSolution
		{58A71441-5827-4C15-8F69-DA25EA63E82C}.Debug|Any CPU.ActiveCfg = Debug|Any CPU
		{58A71441-5827-4C15-8F69-DA25EA63E82C}.Debug|Any CPU.Build.0 = Debug|Any CPU
		{58A71441-5827-4C15-8F69-DA25EA63E82C}.Release|Any CPU.ActiveCfg = Release|Any CPU
		{58A71441-5827-4C15-8F69-DA25EA63E82C}.Release|Any CPU.Build.0 = Release|Any CPU
		{C1288696-2A3C-4FA2-936C-72DDEBF0306D}.Debug|Any CPU.ActiveCfg = Debug|Any CPU
		{C1288696-2A3C-4FA2-936C-72DDEBF0306D}.Debug|Any CPU.Build.0 = Debug|Any CPU
		{C1288696-2A3C-4FA2-936C-72DDEBF0306D}.Release|Any CPU.ActiveCfg = Release|Any CPU
		{C1288696-2A3C-4FA2-936C-72DDEBF0306D}.Release|Any CPU.Build.0 = Release|Any CPU
	EndGlobalSection
	GlobalSection(SolutionProperties) = preSolution
		HideSolutionNode = FALSE
	EndGlobalSection
	GlobalSection(ExtensibilityGlobals) = postSolution
		SolutionGuid = {F90E419B-38F0-4C45-B386-57BB6EFA2096}
	EndGlobalSection
EndGlobal
